// !$*UTF8*$!
{
	archiveVersion = 1;
	classes = {
	};
	objectVersion = 56;
	objects = {

/* Begin PBXBuildFile section */
		828ED7172B547A5B00ED9B44 /* DownloadState.swift in Sources */ = {isa = PBXBuildFile; fileRef = 828ED7162B547A5B00ED9B44 /* DownloadState.swift */; };
		828ED71A2B5482C100ED9B44 /* ProgressViewStyle+Extension.swift in Sources */ = {isa = PBXBuildFile; fileRef = 828ED7192B5482C100ED9B44 /* ProgressViewStyle+Extension.swift */; };
		828ED71C2B5487AF00ED9B44 /* Model.swift in Sources */ = {isa = PBXBuildFile; fileRef = 828ED71B2B5487AF00ED9B44 /* Model.swift */; };
		82E09D1D2B53FB1100A21A08 /* LocalBrainApp.swift in Sources */ = {isa = PBXBuildFile; fileRef = 82E09D1C2B53FB1100A21A08 /* LocalBrainApp.swift */; };
		82E09D212B53FB1300A21A08 /* Assets.xcassets in Resources */ = {isa = PBXBuildFile; fileRef = 82E09D202B53FB1300A21A08 /* Assets.xcassets */; };
		82E09D242B53FB1300A21A08 /* Preview Assets.xcassets in Resources */ = {isa = PBXBuildFile; fileRef = 82E09D232B53FB1300A21A08 /* Preview Assets.xcassets */; };
		82E09D2C2B53FB4800A21A08 /* ChatList.swift in Sources */ = {isa = PBXBuildFile; fileRef = 82E09D2B2B53FB4800A21A08 /* ChatList.swift */; };
		82E09D2F2B53FB6C00A21A08 /* ViewModel.swift in Sources */ = {isa = PBXBuildFile; fileRef = 82E09D2E2B53FB6C00A21A08 /* ViewModel.swift */; };
		82E09D322B53FC9900A21A08 /* LibLlama.swift in Sources */ = {isa = PBXBuildFile; fileRef = 82E09D312B53FC9900A21A08 /* LibLlama.swift */; };
		82E09D352B53FCAB00A21A08 /* llama in Frameworks */ = {isa = PBXBuildFile; productRef = 82E09D342B53FCAB00A21A08 /* llama */; };
		82E09D3A2B53FDAF00A21A08 /* ChatDetail.swift in Sources */ = {isa = PBXBuildFile; fileRef = 82E09D392B53FDAF00A21A08 /* ChatDetail.swift */; };
		82E09D442B541FA300A21A08 /* Chat.swift in Sources */ = {isa = PBXBuildFile; fileRef = 82E09D432B541FA300A21A08 /* Chat.swift */; };
/* End PBXBuildFile section */

/* Begin PBXFileReference section */
		828ED7162B547A5B00ED9B44 /* DownloadState.swift */ = {isa = PBXFileReference; lastKnownFileType = sourcecode.swift; path = DownloadState.swift; sourceTree = "<group>"; };
		828ED7192B5482C100ED9B44 /* ProgressViewStyle+Extension.swift */ = {isa = PBXFileReference; lastKnownFileType = sourcecode.swift; path = "ProgressViewStyle+Extension.swift"; sourceTree = "<group>"; };
		828ED71B2B5487AF00ED9B44 /* Model.swift */ = {isa = PBXFileReference; lastKnownFileType = sourcecode.swift; path = Model.swift; sourceTree = "<group>"; };
		82E09D192B53FB1100A21A08 /* LocalBrain.app */ = {isa = PBXFileReference; explicitFileType = wrapper.application; includeInIndex = 0; path = LocalBrain.app; sourceTree = BUILT_PRODUCTS_DIR; };
		82E09D1C2B53FB1100A21A08 /* LocalBrainApp.swift */ = {isa = PBXFileReference; lastKnownFileType = sourcecode.swift; path = LocalBrainApp.swift; sourceTree = "<group>"; };
		82E09D202B53FB1300A21A08 /* Assets.xcassets */ = {isa = PBXFileReference; lastKnownFileType = folder.assetcatalog; path = Assets.xcassets; sourceTree = "<group>"; };
		82E09D232B53FB1300A21A08 /* Preview Assets.xcassets */ = {isa = PBXFileReference; lastKnownFileType = folder.assetcatalog; path = "Preview Assets.xcassets"; sourceTree = "<group>"; };
		82E09D2B2B53FB4800A21A08 /* ChatList.swift */ = {isa = PBXFileReference; lastKnownFileType = sourcecode.swift; path = ChatList.swift; sourceTree = "<group>"; };
		82E09D2E2B53FB6C00A21A08 /* ViewModel.swift */ = {isa = PBXFileReference; lastKnownFileType = sourcecode.swift; path = ViewModel.swift; sourceTree = "<group>"; };
		82E09D312B53FC9900A21A08 /* LibLlama.swift */ = {isa = PBXFileReference; fileEncoding = 4; lastKnownFileType = sourcecode.swift; path = LibLlama.swift; sourceTree = "<group>"; };
		82E09D392B53FDAF00A21A08 /* ChatDetail.swift */ = {isa = PBXFileReference; lastKnownFileType = sourcecode.swift; path = ChatDetail.swift; sourceTree = "<group>"; };
		82E09D432B541FA300A21A08 /* Chat.swift */ = {isa = PBXFileReference; lastKnownFileType = sourcecode.swift; path = Chat.swift; sourceTree = "<group>"; };
		82E09D452B54337100A21A08 /* LocalBrain.entitlements */ = {isa = PBXFileReference; lastKnownFileType = text.plist.entitlements; path = LocalBrain.entitlements; sourceTree = "<group>"; };
/* End PBXFileReference section */

/* Begin PBXFrameworksBuildPhase section */
		82E09D162B53FB1100A21A08 /* Frameworks */ = {
			isa = PBXFrameworksBuildPhase;
			buildActionMask = 2147483647;
			files = (
				82E09D352B53FCAB00A21A08 /* llama in Frameworks */,
			);
			runOnlyForDeploymentPostprocessing = 0;
		};
/* End PBXFrameworksBuildPhase section */

/* Begin PBXGroup section */
		828ED7182B5482AC00ED9B44 /* Extensions */ = {
			isa = PBXGroup;
			children = (
				828ED7192B5482C100ED9B44 /* ProgressViewStyle+Extension.swift */,
			);
			path = Extensions;
			sourceTree = "<group>";
		};
		82E09D102B53FB1100A21A08 = {
			isa = PBXGroup;
			children = (
				82E09D1B2B53FB1100A21A08 /* LocalBrain */,
				82E09D1A2B53FB1100A21A08 /* Products */,
			);
			sourceTree = "<group>";
		};
		82E09D1A2B53FB1100A21A08 /* Products */ = {
			isa = PBXGroup;
			children = (
				82E09D192B53FB1100A21A08 /* LocalBrain.app */,
			);
			name = Products;
			sourceTree = "<group>";
		};
		82E09D1B2B53FB1100A21A08 /* LocalBrain */ = {
			isa = PBXGroup;
			children = (
				828ED7182B5482AC00ED9B44 /* Extensions */,
				82E09D422B541F9800A21A08 /* Models */,
				82E09D302B53FC9100A21A08 /* Lib */,
				82E09D2D2B53FB6400A21A08 /* ViewModels */,
				82E09D2A2B53FB2B00A21A08 /* Views */,
				82E09D1C2B53FB1100A21A08 /* LocalBrainApp.swift */,
				82E09D202B53FB1300A21A08 /* Assets.xcassets */,
				82E09D452B54337100A21A08 /* LocalBrain.entitlements */,
				82E09D222B53FB1300A21A08 /* Preview Content */,
			);
			path = LocalBrain;
			sourceTree = "<group>";
		};
		82E09D222B53FB1300A21A08 /* Preview Content */ = {
			isa = PBXGroup;
			children = (
				82E09D232B53FB1300A21A08 /* Preview Assets.xcassets */,
			);
			path = "Preview Content";
			sourceTree = "<group>";
		};
		82E09D2A2B53FB2B00A21A08 /* Views */ = {
			isa = PBXGroup;
			children = (
				82E09D2B2B53FB4800A21A08 /* ChatList.swift */,
				82E09D392B53FDAF00A21A08 /* ChatDetail.swift */,
			);
			path = Views;
			sourceTree = "<group>";
		};
		82E09D2D2B53FB6400A21A08 /* ViewModels */ = {
			isa = PBXGroup;
			children = (
				82E09D2E2B53FB6C00A21A08 /* ViewModel.swift */,
			);
			path = ViewModels;
			sourceTree = "<group>";
		};
		82E09D302B53FC9100A21A08 /* Lib */ = {
			isa = PBXGroup;
			children = (
				82E09D312B53FC9900A21A08 /* LibLlama.swift */,
			);
			path = Lib;
			sourceTree = "<group>";
		};
		82E09D422B541F9800A21A08 /* Models */ = {
			isa = PBXGroup;
			children = (
				828ED71B2B5487AF00ED9B44 /* Model.swift */,
				82E09D432B541FA300A21A08 /* Chat.swift */,
				828ED7162B547A5B00ED9B44 /* DownloadState.swift */,
			);
			path = Models;
			sourceTree = "<group>";
		};
/* End PBXGroup section */

/* Begin PBXNativeTarget section */
		82E09D182B53FB1100A21A08 /* LocalBrain */ = {
			isa = PBXNativeTarget;
			buildConfigurationList = 82E09D272B53FB1300A21A08 /* Build configuration list for PBXNativeTarget "LocalBrain" */;
			buildPhases = (
				82E09D152B53FB1100A21A08 /* Sources */,
				82E09D162B53FB1100A21A08 /* Frameworks */,
				82E09D172B53FB1100A21A08 /* Resources */,
			);
			buildRules = (
			);
			dependencies = (
			);
			name = LocalBrain;
			packageProductDependencies = (
				82E09D342B53FCAB00A21A08 /* llama */,
			);
			productName = LocalBrain;
			productReference = 82E09D192B53FB1100A21A08 /* LocalBrain.app */;
			productType = "com.apple.product-type.application";
		};
/* End PBXNativeTarget section */

/* Begin PBXProject section */
		82E09D112B53FB1100A21A08 /* Project object */ = {
			isa = PBXProject;
			attributes = {
				BuildIndependentTargetsInParallel = 1;
				LastSwiftUpdateCheck = 1520;
				LastUpgradeCheck = 1520;
				TargetAttributes = {
					82E09D182B53FB1100A21A08 = {
						CreatedOnToolsVersion = 15.2;
					};
				};
			};
			buildConfigurationList = 82E09D142B53FB1100A21A08 /* Build configuration list for PBXProject "LocalBrain" */;
			compatibilityVersion = "Xcode 14.0";
			developmentRegion = en;
			hasScannedForEncodings = 0;
			knownRegions = (
				en,
				Base,
			);
			mainGroup = 82E09D102B53FB1100A21A08;
			packageReferences = (
				82E09D332B53FCAB00A21A08 /* XCRemoteSwiftPackageReference "llama" */,
			);
			productRefGroup = 82E09D1A2B53FB1100A21A08 /* Products */;
			projectDirPath = "";
			projectRoot = "";
			targets = (
				82E09D182B53FB1100A21A08 /* LocalBrain */,
			);
		};
/* End PBXProject section */

/* Begin PBXResourcesBuildPhase section */
		82E09D172B53FB1100A21A08 /* Resources */ = {
			isa = PBXResourcesBuildPhase;
			buildActionMask = 2147483647;
			files = (
				82E09D242B53FB1300A21A08 /* Preview Assets.xcassets in Resources */,
				82E09D212B53FB1300A21A08 /* Assets.xcassets in Resources */,
			);
			runOnlyForDeploymentPostprocessing = 0;
		};
/* End PBXResourcesBuildPhase section */

/* Begin PBXSourcesBuildPhase section */
		82E09D152B53FB1100A21A08 /* Sources */ = {
			isa = PBXSourcesBuildPhase;
			buildActionMask = 2147483647;
			files = (
				828ED71C2B5487AF00ED9B44 /* Model.swift in Sources */,
				82E09D2F2B53FB6C00A21A08 /* ViewModel.swift in Sources */,
				82E09D442B541FA300A21A08 /* Chat.swift in Sources */,
				82E09D2C2B53FB4800A21A08 /* ChatList.swift in Sources */,
				82E09D1D2B53FB1100A21A08 /* LocalBrainApp.swift in Sources */,
				828ED7172B547A5B00ED9B44 /* DownloadState.swift in Sources */,
				82E09D3A2B53FDAF00A21A08 /* ChatDetail.swift in Sources */,
				82E09D322B53FC9900A21A08 /* LibLlama.swift in Sources */,
				828ED71A2B5482C100ED9B44 /* ProgressViewStyle+Extension.swift in Sources */,
			);
			runOnlyForDeploymentPostprocessing = 0;
		};
/* End PBXSourcesBuildPhase section */

/* Begin XCBuildConfiguration section */
		82E09D252B53FB1300A21A08 /* Debug */ = {
			isa = XCBuildConfiguration;
			buildSettings = {
				ALWAYS_SEARCH_USER_PATHS = NO;
				ASSETCATALOG_COMPILER_GENERATE_SWIFT_ASSET_SYMBOL_EXTENSIONS = YES;
				CLANG_ANALYZER_NONNULL = YES;
				CLANG_ANALYZER_NUMBER_OBJECT_CONVERSION = YES_AGGRESSIVE;
				CLANG_CXX_LANGUAGE_STANDARD = "gnu++20";
				CLANG_ENABLE_MODULES = YES;
				CLANG_ENABLE_OBJC_ARC = YES;
				CLANG_ENABLE_OBJC_WEAK = YES;
				CLANG_WARN_BLOCK_CAPTURE_AUTORELEASING = YES;
				CLANG_WARN_BOOL_CONVERSION = YES;
				CLANG_WARN_COMMA = YES;
				CLANG_WARN_CONSTANT_CONVERSION = YES;
				CLANG_WARN_DEPRECATED_OBJC_IMPLEMENTATIONS = YES;
				CLANG_WARN_DIRECT_OBJC_ISA_USAGE = YES_ERROR;
				CLANG_WARN_DOCUMENTATION_COMMENTS = YES;
				CLANG_WARN_EMPTY_BODY = YES;
				CLANG_WARN_ENUM_CONVERSION = YES;
				CLANG_WARN_INFINITE_RECURSION = YES;
				CLANG_WARN_INT_CONVERSION = YES;
				CLANG_WARN_NON_LITERAL_NULL_CONVERSION = YES;
				CLANG_WARN_OBJC_IMPLICIT_RETAIN_SELF = YES;
				CLANG_WARN_OBJC_LITERAL_CONVERSION = YES;
				CLANG_WARN_OBJC_ROOT_CLASS = YES_ERROR;
				CLANG_WARN_QUOTED_INCLUDE_IN_FRAMEWORK_HEADER = YES;
				CLANG_WARN_RANGE_LOOP_ANALYSIS = YES;
				CLANG_WARN_STRICT_PROTOTYPES = YES;
				CLANG_WARN_SUSPICIOUS_MOVE = YES;
				CLANG_WARN_UNGUARDED_AVAILABILITY = YES_AGGRESSIVE;
				CLANG_WARN_UNREACHABLE_CODE = YES;
				CLANG_WARN__DUPLICATE_METHOD_MATCH = YES;
				COPY_PHASE_STRIP = NO;
				DEBUG_INFORMATION_FORMAT = dwarf;
				ENABLE_STRICT_OBJC_MSGSEND = YES;
				ENABLE_TESTABILITY = YES;
				ENABLE_USER_SCRIPT_SANDBOXING = YES;
				GCC_C_LANGUAGE_STANDARD = gnu17;
				GCC_DYNAMIC_NO_PIC = NO;
				GCC_NO_COMMON_BLOCKS = YES;
				GCC_OPTIMIZATION_LEVEL = 0;
				GCC_PREPROCESSOR_DEFINITIONS = (
					"DEBUG=1",
					"$(inherited)",
				);
				GCC_WARN_64_TO_32_BIT_CONVERSION = YES;
				GCC_WARN_ABOUT_RETURN_TYPE = YES_ERROR;
				GCC_WARN_UNDECLARED_SELECTOR = YES;
				GCC_WARN_UNINITIALIZED_AUTOS = YES_AGGRESSIVE;
				GCC_WARN_UNUSED_FUNCTION = YES;
				GCC_WARN_UNUSED_VARIABLE = YES;
				IPHONEOS_DEPLOYMENT_TARGET = 17.0;
				LOCALIZATION_PREFERS_STRING_CATALOGS = YES;
				MTL_ENABLE_DEBUG_INFO = INCLUDE_SOURCE;
				MTL_FAST_MATH = YES;
				ONLY_ACTIVE_ARCH = YES;
				SDKROOT = iphoneos;
				SWIFT_ACTIVE_COMPILATION_CONDITIONS = "DEBUG $(inherited)";
				SWIFT_OPTIMIZATION_LEVEL = "-Onone";
			};
			name = Debug;
		};
		82E09D262B53FB1300A21A08 /* Release */ = {
			isa = XCBuildConfiguration;
			buildSettings = {
				ALWAYS_SEARCH_USER_PATHS = NO;
				ASSETCATALOG_COMPILER_GENERATE_SWIFT_ASSET_SYMBOL_EXTENSIONS = YES;
				CLANG_ANALYZER_NONNULL = YES;
				CLANG_ANALYZER_NUMBER_OBJECT_CONVERSION = YES_AGGRESSIVE;
				CLANG_CXX_LANGUAGE_STANDARD = "gnu++20";
				CLANG_ENABLE_MODULES = YES;
				CLANG_ENABLE_OBJC_ARC = YES;
				CLANG_ENABLE_OBJC_WEAK = YES;
				CLANG_WARN_BLOCK_CAPTURE_AUTORELEASING = YES;
				CLANG_WARN_BOOL_CONVERSION = YES;
				CLANG_WARN_COMMA = YES;
				CLANG_WARN_CONSTANT_CONVERSION = YES;
				CLANG_WARN_DEPRECATED_OBJC_IMPLEMENTATIONS = YES;
				CLANG_WARN_DIRECT_OBJC_ISA_USAGE = YES_ERROR;
				CLANG_WARN_DOCUMENTATION_COMMENTS = YES;
				CLANG_WARN_EMPTY_BODY = YES;
				CLANG_WARN_ENUM_CONVERSION = YES;
				CLANG_WARN_INFINITE_RECURSION = YES;
				CLANG_WARN_INT_CONVERSION = YES;
				CLANG_WARN_NON_LITERAL_NULL_CONVERSION = YES;
				CLANG_WARN_OBJC_IMPLICIT_RETAIN_SELF = YES;
				CLANG_WARN_OBJC_LITERAL_CONVERSION = YES;
				CLANG_WARN_OBJC_ROOT_CLASS = YES_ERROR;
				CLANG_WARN_QUOTED_INCLUDE_IN_FRAMEWORK_HEADER = YES;
				CLANG_WARN_RANGE_LOOP_ANALYSIS = YES;
				CLANG_WARN_STRICT_PROTOTYPES = YES;
				CLANG_WARN_SUSPICIOUS_MOVE = YES;
				CLANG_WARN_UNGUARDED_AVAILABILITY = YES_AGGRESSIVE;
				CLANG_WARN_UNREACHABLE_CODE = YES;
				CLANG_WARN__DUPLICATE_METHOD_MATCH = YES;
				COPY_PHASE_STRIP = NO;
				DEBUG_INFORMATION_FORMAT = "dwarf-with-dsym";
				ENABLE_NS_ASSERTIONS = NO;
				ENABLE_STRICT_OBJC_MSGSEND = YES;
				ENABLE_USER_SCRIPT_SANDBOXING = YES;
				GCC_C_LANGUAGE_STANDARD = gnu17;
				GCC_NO_COMMON_BLOCKS = YES;
				GCC_WARN_64_TO_32_BIT_CONVERSION = YES;
				GCC_WARN_ABOUT_RETURN_TYPE = YES_ERROR;
				GCC_WARN_UNDECLARED_SELECTOR = YES;
				GCC_WARN_UNINITIALIZED_AUTOS = YES_AGGRESSIVE;
				GCC_WARN_UNUSED_FUNCTION = YES;
				GCC_WARN_UNUSED_VARIABLE = YES;
				IPHONEOS_DEPLOYMENT_TARGET = 17.0;
				LOCALIZATION_PREFERS_STRING_CATALOGS = YES;
				MTL_ENABLE_DEBUG_INFO = NO;
				MTL_FAST_MATH = YES;
				SDKROOT = iphoneos;
				SWIFT_COMPILATION_MODE = wholemodule;
				VALIDATE_PRODUCT = YES;
			};
			name = Release;
		};
		82E09D282B53FB1300A21A08 /* Debug */ = {
			isa = XCBuildConfiguration;
			buildSettings = {
				ASSETCATALOG_COMPILER_APPICON_NAME = AppIcon;
				ASSETCATALOG_COMPILER_GLOBAL_ACCENT_COLOR_NAME = AccentColor;
				CODE_SIGN_ENTITLEMENTS = LocalBrain/LocalBrain.entitlements;
				CODE_SIGN_STYLE = Automatic;
				CURRENT_PROJECT_VERSION = 4;
				DEVELOPMENT_ASSET_PATHS = "\"LocalBrain/Preview Content\"";
				DEVELOPMENT_TEAM = A6GVRYGG7C;
				ENABLE_PREVIEWS = YES;
				GENERATE_INFOPLIST_FILE = YES;
				INFOPLIST_KEY_CFBundleDisplayName = "Local Brain";
				INFOPLIST_KEY_LSApplicationCategoryType = "public.app-category.productivity";
				INFOPLIST_KEY_UIApplicationSceneManifest_Generation = YES;
				INFOPLIST_KEY_UIApplicationSupportsIndirectInputEvents = YES;
				INFOPLIST_KEY_UILaunchScreen_Generation = YES;
				INFOPLIST_KEY_UISupportedInterfaceOrientations_iPad = "UIInterfaceOrientationPortrait UIInterfaceOrientationPortraitUpsideDown UIInterfaceOrientationLandscapeLeft UIInterfaceOrientationLandscapeRight";
				INFOPLIST_KEY_UISupportedInterfaceOrientations_iPhone = "UIInterfaceOrientationPortrait UIInterfaceOrientationLandscapeLeft UIInterfaceOrientationLandscapeRight";
				IPHONEOS_DEPLOYMENT_TARGET = 17.0;
				LD_RUNPATH_SEARCH_PATHS = (
					"$(inherited)",
					"@executable_path/Frameworks",
				);
				MARKETING_VERSION = 1.0;
				PRODUCT_BUNDLE_IDENTIFIER = me.jach.LocalBrain;
				PRODUCT_NAME = "$(TARGET_NAME)";
				SWIFT_EMIT_LOC_STRINGS = YES;
				SWIFT_VERSION = 5.0;
				TARGETED_DEVICE_FAMILY = "1,2";
			};
			name = Debug;
		};
		82E09D292B53FB1300A21A08 /* Release */ = {
			isa = XCBuildConfiguration;
			buildSettings = {
				ASSETCATALOG_COMPILER_APPICON_NAME = AppIcon;
				ASSETCATALOG_COMPILER_GLOBAL_ACCENT_COLOR_NAME = AccentColor;
				CODE_SIGN_ENTITLEMENTS = LocalBrain/LocalBrain.entitlements;
				CODE_SIGN_STYLE = Automatic;
				CURRENT_PROJECT_VERSION = 4;
				DEVELOPMENT_ASSET_PATHS = "\"LocalBrain/Preview Content\"";
				DEVELOPMENT_TEAM = A6GVRYGG7C;
				ENABLE_PREVIEWS = YES;
				GENERATE_INFOPLIST_FILE = YES;
				INFOPLIST_KEY_CFBundleDisplayName = "Local Brain";
				INFOPLIST_KEY_LSApplicationCategoryType = "public.app-category.productivity";
				INFOPLIST_KEY_UIApplicationSceneManifest_Generation = YES;
				INFOPLIST_KEY_UIApplicationSupportsIndirectInputEvents = YES;
				INFOPLIST_KEY_UILaunchScreen_Generation = YES;
				INFOPLIST_KEY_UISupportedInterfaceOrientations_iPad = "UIInterfaceOrientationPortrait UIInterfaceOrientationPortraitUpsideDown UIInterfaceOrientationLandscapeLeft UIInterfaceOrientationLandscapeRight";
				INFOPLIST_KEY_UISupportedInterfaceOrientations_iPhone = "UIInterfaceOrientationPortrait UIInterfaceOrientationLandscapeLeft UIInterfaceOrientationLandscapeRight";
				IPHONEOS_DEPLOYMENT_TARGET = 17.0;
				LD_RUNPATH_SEARCH_PATHS = (
					"$(inherited)",
					"@executable_path/Frameworks",
				);
				MARKETING_VERSION = 1.0;
				PRODUCT_BUNDLE_IDENTIFIER = me.jach.LocalBrain;
				PRODUCT_NAME = "$(TARGET_NAME)";
				SWIFT_EMIT_LOC_STRINGS = YES;
				SWIFT_VERSION = 5.0;
				TARGETED_DEVICE_FAMILY = "1,2";
			};
			name = Release;
		};
/* End XCBuildConfiguration section */

/* Begin XCConfigurationList section */
		82E09D142B53FB1100A21A08 /* Build configuration list for PBXProject "LocalBrain" */ = {
			isa = XCConfigurationList;
			buildConfigurations = (
				82E09D252B53FB1300A21A08 /* Debug */,
				82E09D262B53FB1300A21A08 /* Release */,
			);
			defaultConfigurationIsVisible = 0;
			defaultConfigurationName = Release;
		};
		82E09D272B53FB1300A21A08 /* Build configuration list for PBXNativeTarget "LocalBrain" */ = {
			isa = XCConfigurationList;
			buildConfigurations = (
				82E09D282B53FB1300A21A08 /* Debug */,
				82E09D292B53FB1300A21A08 /* Release */,
			);
			defaultConfigurationIsVisible = 0;
			defaultConfigurationName = Release;
		};
/* End XCConfigurationList section */

/* Begin XCRemoteSwiftPackageReference section */
		82E09D332B53FCAB00A21A08 /* XCRemoteSwiftPackageReference "llama" */ = {
			isa = XCRemoteSwiftPackageReference;
			repositoryURL = "https://github.com/ggerganov/llama.cpp";
			requirement = {
				branch = master;
				kind = branch;
			};
		};
/* End XCRemoteSwiftPackageReference section */

/* Begin XCSwiftPackageProductDependency section */
		82E09D342B53FCAB00A21A08 /* llama */ = {
			isa = XCSwiftPackageProductDependency;
			package = 82E09D332B53FCAB00A21A08 /* XCRemoteSwiftPackageReference "llama" */;
			productName = llama;
		};
/* End XCSwiftPackageProductDependency section */
	};
	rootObject = 82E09D112B53FB1100A21A08 /* Project object */;
}
